
Microsoft Visual Studio Solution File, Format Version 12.00
# Visual Studio 15
VisualStudioVersion = 15.0.28307.1800
MinimumVisualStudioVersion = 10.0.40219.1
Project("{FAE04EC0-301F-11D3-BF4B-00C04F79EFBC}") = "GiderTakipOtomasyon", "GiderTakipOtomasyon\GiderTakipOtomasyon.csproj", "{0F2EADD7-D11F-4E46-9E35-9724973DDFEE}"
EndProject
Global
	GlobalSection(SolutionConfigurationPlatforms) = preSolution
		Debug|Any CPU = Debug|Any CPU
		Release|Any CPU = Release|Any CPU
	EndGlobalSection
	GlobalSection(ProjectConfigurationPlatforms) = postSolution
		{0F2EADD7-D11F-4E46-9E35-9724973DDFEE}.Debug|Any CPU.ActiveCfg = Debug|Any CPU
		{0F2EADD7-D11F-4E46-9E35-9724973DDFEE}.Debug|Any CPU.Build.0 = Debug|Any CPU
		{0F2EADD7-D11F-4E46-9E35-9724973DDFEE}.Release|Any CPU.ActiveCfg = Release|Any CPU
		{0F2EADD7-D11F-4E46-9E35-9724973DDFEE}.Release|Any CPU.Build.0 = Release|Any CPU
	EndGlobalSection
	GlobalSection(SolutionProperties) = preSolution
		HideSolutionNode = FALSE
	EndGlobalSection
	GlobalSection(ExtensibilityGlobals) = postSolution
		SolutionGuid = {1C4914AD-BB01-428D-AEFF-0DFC6E1D5582}
	EndGlobalSection
EndGlobal
